
Microsoft Visual Studio Solution File, Format Version 12.00
# Visual Studio Version 16
VisualStudioVersion = 16.0.31129.286
MinimumVisualStudioVersion = 10.0.40219.1
Project("{9A19103F-16F7-4668-BE54-9A1E7A4F7556}") = "StudyApp", "StudyApp\StudyApp.csproj", "{98F191C3-5E31-45B6-BB6F-F347B1079BB3}"
EndProject
Project("{FAE04EC0-301F-11D3-BF4B-00C04F79EFBC}") = "Design.StudyApp", "Design.StudyApp\Design.StudyApp.csproj", "{3D7877B5-E29A-4042-826E-C2D4538621C7}"
EndProject
Project("{FAE04EC0-301F-11D3-BF4B-00C04F79EFBC}") = "StudyApp.StatusBar", "StudyApp.StatusBar\StudyApp.StatusBar.csproj", "{6F552F54-2B15-43CD-816C-CA7B7B809C8F}"
EndProject
Project("{9A19103F-16F7-4668-BE54-9A1E7A4F7556}") = "StudyApp.Menu", "StudyApp.Menu\StudyApp.Menu.csproj", "{68C4458B-F8FE-4CF6-86AF-EB3C18220300}"
EndProject
Project("{FAE04EC0-301F-11D3-BF4B-00C04F79EFBC}") = "StudyApp.Pane.ProjectTree", "StudyApp.Pane.ProjectTree\StudyApp.Pane.ProjectTree.csproj", "{E5D12226-9AAA-4EB6-8142-8A7565C01D08}"
EndProject
Project("{FAE04EC0-301F-11D3-BF4B-00C04F79EFBC}") = "StudyApp.Pane.Property", "StudyApp.Pane.Property\StudyApp.Pane.Property.csproj", "{4AAD797A-6D4D-42E3-9C48-F15A02FE616A}"
EndProject
Project("{FAE04EC0-301F-11D3-BF4B-00C04F79EFBC}") = "StudyApp.Pane.Main", "StudyApp.Pane.Main\StudyApp.Pane.Main.csproj", "{C57C9707-26F4-4468-83DC-E4220F045253}"
EndProject
Global
	GlobalSection(SolutionConfigurationPlatforms) = preSolution
		Debug|Any CPU = Debug|Any CPU
		Release|Any CPU = Release|Any CPU
	EndGlobalSection
	GlobalSection(ProjectConfigurationPlatforms) = postSolution
		{98F191C3-5E31-45B6-BB6F-F347B1079BB3}.Debug|Any CPU.ActiveCfg = Debug|Any CPU
		{98F191C3-5E31-45B6-BB6F-F347B1079BB3}.Debug|Any CPU.Build.0 = Debug|Any CPU
		{98F191C3-5E31-45B6-BB6F-F347B1079BB3}.Release|Any CPU.ActiveCfg = Release|Any CPU
		{98F191C3-5E31-45B6-BB6F-F347B1079BB3}.Release|Any CPU.Build.0 = Release|Any CPU
		{3D7877B5-E29A-4042-826E-C2D4538621C7}.Debug|Any CPU.ActiveCfg = Debug|Any CPU
		{3D7877B5-E29A-4042-826E-C2D4538621C7}.Debug|Any CPU.Build.0 = Debug|Any CPU
		{3D7877B5-E29A-4042-826E-C2D4538621C7}.Release|Any CPU.ActiveCfg = Release|Any CPU
		{3D7877B5-E29A-4042-826E-C2D4538621C7}.Release|Any CPU.Build.0 = Release|Any CPU
		{6F552F54-2B15-43CD-816C-CA7B7B809C8F}.Debug|Any CPU.ActiveCfg = Debug|Any CPU
		{6F552F54-2B15-43CD-816C-CA7B7B809C8F}.Debug|Any CPU.Build.0 = Debug|Any CPU
		{6F552F54-2B15-43CD-816C-CA7B7B809C8F}.Release|Any CPU.ActiveCfg = Release|Any CPU
		{6F552F54-2B15-43CD-816C-CA7B7B809C8F}.Release|Any CPU.Build.0 = Release|Any CPU
		{68C4458B-F8FE-4CF6-86AF-EB3C18220300}.Debug|Any CPU.ActiveCfg = Debug|Any CPU
		{68C4458B-F8FE-4CF6-86AF-EB3C18220300}.Debug|Any CPU.Build.0 = Debug|Any CPU
		{68C4458B-F8FE-4CF6-86AF-EB3C18220300}.Release|Any CPU.ActiveCfg = Release|Any CPU
		{68C4458B-F8FE-4CF6-86AF-EB3C18220300}.Release|Any CPU.Build.0 = Release|Any CPU
		{E5D12226-9AAA-4EB6-8142-8A7565C01D08}.Debug|Any CPU.ActiveCfg = Debug|Any CPU
		{E5D12226-9AAA-4EB6-8142-8A7565C01D08}.Debug|Any CPU.Build.0 = Debug|Any CPU
		{E5D12226-9AAA-4EB6-8142-8A7565C01D08}.Release|Any CPU.ActiveCfg = Release|Any CPU
		{E5D12226-9AAA-4EB6-8142-8A7565C01D08}.Release|Any CPU.Build.0 = Release|Any CPU
		{4AAD797A-6D4D-42E3-9C48-F15A02FE616A}.Debug|Any CPU.ActiveCfg = Debug|Any CPU
		{4AAD797A-6D4D-42E3-9C48-F15A02FE616A}.Debug|Any CPU.Build.0 = Debug|Any CPU
		{4AAD797A-6D4D-42E3-9C48-F15A02FE616A}.Release|Any CPU.ActiveCfg = Release|Any CPU
		{4AAD797A-6D4D-42E3-9C48-F15A02FE616A}.Release|Any CPU.Build.0 = Release|Any CPU
		{C57C9707-26F4-4468-83DC-E4220F045253}.Debug|Any CPU.ActiveCfg = Debug|Any CPU
		{C57C9707-26F4-4468-83DC-E4220F045253}.Debug|Any CPU.Build.0 = Debug|Any CPU
		{C57C9707-26F4-4468-83DC-E4220F045253}.Release|Any CPU.ActiveCfg = Release|Any CPU
		{C57C9707-26F4-4468-83DC-E4220F045253}.Release|Any CPU.Build.0 = Release|Any CPU
	EndGlobalSection
	GlobalSection(SolutionProperties) = preSolution
		HideSolutionNode = FALSE
	EndGlobalSection
	GlobalSection(ExtensibilityGlobals) = postSolution
		SolutionGuid = {BE9DBE26-73FF-4606-8598-35CDF0D3ABFE}
	EndGlobalSection
EndGlobal
